
Microsoft Visual Studio Solution File, Format Version 12.00
# Visual Studio 15
VisualStudioVersion = 15.0.27004.2005
MinimumVisualStudioVersion = 10.0.40219.1
Project("{FAE04EC0-301F-11D3-BF4B-00C04F79EFBC}") = "Cafe.App", "Cafe.App\Cafe.App.csproj", "{B0CD571C-9AD1-4384-A602-FF2E060C1658}"
EndProject
Project("{FAE04EC0-301F-11D3-BF4B-00C04F79EFBC}") = "Cafe", "Cafe\Cafe.csproj", "{0807A4C7-887A-47F5-AB86-4E0CE31E5A98}"
EndProject
Project("{FAE04EC0-301F-11D3-BF4B-00C04F79EFBC}") = "Cafe.Application", "Cafe.Application\Cafe.Application.csproj", "{E5C574CF-6947-4345-B9D4-33D251BE72C9}"
EndProject
Global
	GlobalSection(SolutionConfigurationPlatforms) = preSolution
		Debug|Any CPU = Debug|Any CPU
		Release|Any CPU = Release|Any CPU
	EndGlobalSection
	GlobalSection(ProjectConfigurationPlatforms) = postSolution
		{B0CD571C-9AD1-4384-A602-FF2E060C1658}.Debug|Any CPU.ActiveCfg = Debug|Any CPU
		{B0CD571C-9AD1-4384-A602-FF2E060C1658}.Debug|Any CPU.Build.0 = Debug|Any CPU
		{B0CD571C-9AD1-4384-A602-FF2E060C1658}.Release|Any CPU.ActiveCfg = Release|Any CPU
		{B0CD571C-9AD1-4384-A602-FF2E060C1658}.Release|Any CPU.Build.0 = Release|Any CPU
		{0807A4C7-887A-47F5-AB86-4E0CE31E5A98}.Debug|Any CPU.ActiveCfg = Debug|Any CPU
		{0807A4C7-887A-47F5-AB86-4E0CE31E5A98}.Debug|Any CPU.Build.0 = Debug|Any CPU
		{0807A4C7-887A-47F5-AB86-4E0CE31E5A98}.Release|Any CPU.ActiveCfg = Release|Any CPU
		{0807A4C7-887A-47F5-AB86-4E0CE31E5A98}.Release|Any CPU.Build.0 = Release|Any CPU
		{E5C574CF-6947-4345-B9D4-33D251BE72C9}.Debug|Any CPU.ActiveCfg = Debug|Any CPU
		{E5C574CF-6947-4345-B9D4-33D251BE72C9}.Debug|Any CPU.Build.0 = Debug|Any CPU
		{E5C574CF-6947-4345-B9D4-33D251BE72C9}.Release|Any CPU.ActiveCfg = Release|Any CPU
		{E5C574CF-6947-4345-B9D4-33D251BE72C9}.Release|Any CPU.Build.0 = Release|Any CPU
	EndGlobalSection
	GlobalSection(SolutionProperties) = preSolution
		HideSolutionNode = FALSE
	EndGlobalSection
	GlobalSection(ExtensibilityGlobals) = postSolution
		SolutionGuid = {46DA40F5-D826-4DC7-B3A3-74F40F4E5D51}
	EndGlobalSection
EndGlobal
